// !$*UTF8*$!
{
	archiveVersion = 1;
	classes = {
	};
	objectVersion = 46;
	objects = {

/* Begin PBXBuildFile section */
		05C7C1F01E617BFB007E0551 /* main.m in Sources */ = {isa = PBXBuildFile; fileRef = 05C7C1EF1E617BFB007E0551 /* main.m */; };
		05C7C1F31E617BFB007E0551 /* AppDelegate.m in Sources */ = {isa = PBXBuildFile; fileRef = 05C7C1F21E617BFB007E0551 /* AppDelegate.m */; };
		05C7C1F61E617BFB007E0551 /* ViewController.m in Sources */ = {isa = PBXBuildFile; fileRef = 05C7C1F51E617BFB007E0551 /* ViewController.m */; };
		05C7C1F91E617BFB007E0551 /* Main.storyboard in Resources */ = {isa = PBXBuildFile; fileRef = 05C7C1F71E617BFB007E0551 /* Main.storyboard */; };
		05C7C1FB1E617BFB007E0551 /* Assets.xcassets in Resources */ = {isa = PBXBuildFile; fileRef = 05C7C1FA1E617BFB007E0551 /* Assets.xcassets */; };
		05C7C1FE1E617BFB007E0551 /* LaunchScreen.storyboard in Resources */ = {isa = PBXBuildFile; fileRef = 05C7C1FC1E617BFB007E0551 /* LaunchScreen.storyboard */; };
		05C7C2091E617BFB007E0551 /* KeyBoardTests.m in Sources */ = {isa = PBXBuildFile; fileRef = 05C7C2081E617BFB007E0551 /* KeyBoardTests.m */; };
		05C7C2141E617BFB007E0551 /* KeyBoardUITests.m in Sources */ = {isa = PBXBuildFile; fileRef = 05C7C2131E617BFB007E0551 /* KeyBoardUITests.m */; };
/* End PBXBuildFile section */

/* Begin PBXContainerItemProxy section */
		05C7C2051E617BFB007E0551 /* PBXContainerItemProxy */ = {
			isa = PBXContainerItemProxy;
			containerPortal = 05C7C1E31E617BFB007E0551 /* Project object */;
			proxyType = 1;
			remoteGlobalIDString = 05C7C1EA1E617BFB007E0551;
			remoteInfo = KeyBoard;
		};
		05C7C2101E617BFB007E0551 /* PBXContainerItemProxy */ = {
			isa = PBXContainerItemProxy;
			containerPortal = 05C7C1E31E617BFB007E0551 /* Project object */;
			proxyType = 1;
			remoteGlobalIDString = 05C7C1EA1E617BFB007E0551;
			remoteInfo = KeyBoard;
		};
/* End PBXContainerItemProxy section */

/* Begin PBXFileReference section */
		05C7C1EB1E617BFB007E0551 /* KeyBoard.app */ = {isa = PBXFileReference; explicitFileType = wrapper.application; includeInIndex = 0; path = KeyBoard.app; sourceTree = BUILT_PRODUCTS_DIR; };
		05C7C1EF1E617BFB007E0551 /* main.m */ = {isa = PBXFileReference; lastKnownFileType = sourcecode.c.objc; path = main.m; sourceTree = "<group>"; };
		05C7C1F11E617BFB007E0551 /* AppDelegate.h */ = {isa = PBXFileReference; lastKnownFileType = sourcecode.c.h; path = AppDelegate.h; sourceTree = "<group>"; };
		05C7C1F21E617BFB007E0551 /* AppDelegate.m */ = {isa = PBXFileReference; lastKnownFileType = sourcecode.c.objc; path = AppDelegate.m; sourceTree = "<group>"; };
		05C7C1F41E617BFB007E0551 /* ViewController.h */ = {isa = PBXFileReference; lastKnownFileType = sourcecode.c.h; path = ViewController.h; sourceTree = "<group>"; };
		05C7C1F51E617BFB007E0551 /* ViewController.m */ = {isa = PBXFileReference; lastKnownFileType = sourcecode.c.objc; path = ViewController.m; sourceTree = "<group>"; };
		05C7C1F81E617BFB007E0551 /* Base */ = {isa = PBXFileReference; lastKnownFileType = file.storyboard; name = Base; path = Base.lproj/Main.storyboard; sourceTree = "<group>"; };
		05C7C1FA1E617BFB007E0551 /* Assets.xcassets */ = {isa = PBXFileReference; lastKnownFileType = folder.assetcatalog; path = Assets.xcassets; sourceTree = "<group>"; };
		05C7C1FD1E617BFB007E0551 /* Base */ = {isa = PBXFileReference; lastKnownFileType = file.storyboard; name = Base; path = Base.lproj/LaunchScreen.storyboard; sourceTree = "<group>"; };
		05C7C1FF1E617BFB007E0551 /* Info.plist */ = {isa = PBXFileReference; lastKnownFileType = text.plist.xml; path = Info.plist; sourceTree = "<group>"; };
		05C7C2041E617BFB007E0551 /* KeyBoardTests.xctest */ = {isa = PBXFileReference; explicitFileType = wrapper.cfbundle; includeInIndex = 0; path = KeyBoardTests.xctest; sourceTree = BUILT_PRODUCTS_DIR; };
		05C7C2081E617BFB007E0551 /* KeyBoardTests.m */ = {isa = PBXFileReference; lastKnownFileType = sourcecode.c.objc; path = KeyBoardTests.m; sourceTree = "<group>"; };
		05C7C20A1E617BFB007E0551 /* Info.plist */ = {isa = PBXFileReference; lastKnownFileType = text.plist.xml; path = Info.plist; sourceTree = "<group>"; };
		05C7C20F1E617BFB007E0551 /* KeyBoardUITests.xctest */ = {isa = PBXFileReference; explicitFileType = wrapper.cfbundle; includeInIndex = 0; path = KeyBoardUITests.xctest; sourceTree = BUILT_PRODUCTS_DIR; };
		05C7C2131E617BFB007E0551 /* KeyBoardUITests.m */ = {isa = PBXFileReference; lastKnownFileType = sourcecode.c.objc; path = KeyBoardUITests.m; sourceTree = "<group>"; };
		05C7C2151E617BFB007E0551 /* Info.plist */ = {isa = PBXFileReference; lastKnownFileType = text.plist.xml; path = Info.plist; sourceTree = "<group>"; };
/* End PBXFileReference section */

/* Begin PBXFrameworksBuildPhase section */
		05C7C1E81E617BFB007E0551 /* Frameworks */ = {
			isa = PBXFrameworksBuildPhase;
			buildActionMask = 2147483647;
			files = (
			);
			runOnlyForDeploymentPostprocessing = 0;
		};
		05C7C2011E617BFB007E0551 /* Frameworks */ = {
			isa = PBXFrameworksBuildPhase;
			buildActionMask = 2147483647;
			files = (
			);
			runOnlyForDeploymentPostprocessing = 0;
		};
		05C7C20C1E617BFB007E0551 /* Frameworks */ = {
			isa = PBXFrameworksBuildPhase;
			buildActionMask = 2147483647;
			files = (
			);
			runOnlyForDeploymentPostprocessing = 0;
		};
/* End PBXFrameworksBuildPhase section */

/* Begin PBXGroup section */
		05C7C1E21E617BFB007E0551 = {
			isa = PBXGroup;
			children = (
				05C7C1ED1E617BFB007E0551 /* KeyBoard */,
				05C7C2071E617BFB007E0551 /* KeyBoardTests */,
				05C7C2121E617BFB007E0551 /* KeyBoardUITests */,
				05C7C1EC1E617BFB007E0551 /* Products */,
			);
			sourceTree = "<group>";
		};
		05C7C1EC1E617BFB007E0551 /* Products */ = {
			isa = PBXGroup;
			children = (
				05C7C1EB1E617BFB007E0551 /* KeyBoard.app */,
				05C7C2041E617BFB007E0551 /* KeyBoardTests.xctest */,
				05C7C20F1E617BFB007E0551 /* KeyBoardUITests.xctest */,
			);
			name = Products;
			sourceTree = "<group>";
		};
		05C7C1ED1E617BFB007E0551 /* KeyBoard */ = {
			isa = PBXGroup;
			children = (
				05C7C1F11E617BFB007E0551 /* AppDelegate.h */,
				05C7C1F21E617BFB007E0551 /* AppDelegate.m */,
				05C7C1F41E617BFB007E0551 /* ViewController.h */,
				05C7C1F51E617BFB007E0551 /* ViewController.m */,
				05C7C1F71E617BFB007E0551 /* Main.storyboard */,
				05C7C1FA1E617BFB007E0551 /* Assets.xcassets */,
				05C7C1FC1E617BFB007E0551 /* LaunchScreen.storyboard */,
				05C7C1FF1E617BFB007E0551 /* Info.plist */,
				05C7C1EE1E617BFB007E0551 /* Supporting Files */,
			);
			path = KeyBoard;
			sourceTree = "<group>";
		};
		05C7C1EE1E617BFB007E0551 /* Supporting Files */ = {
			isa = PBXGroup;
			children = (
				05C7C1EF1E617BFB007E0551 /* main.m */,
			);
			name = "Supporting Files";
			sourceTree = "<group>";
		};
		05C7C2071E617BFB007E0551 /* KeyBoardTests */ = {
			isa = PBXGroup;
			children = (
				05C7C2081E617BFB007E0551 /* KeyBoardTests.m */,
				05C7C20A1E617BFB007E0551 /* Info.plist */,
			);
			path = KeyBoardTests;
			sourceTree = "<group>";
		};
		05C7C2121E617BFB007E0551 /* KeyBoardUITests */ = {
			isa = PBXGroup;
			children = (
				05C7C2131E617BFB007E0551 /* KeyBoardUITests.m */,
				05C7C2151E617BFB007E0551 /* Info.plist */,
			);
			path = KeyBoardUITests;
			sourceTree = "<group>";
		};
/* End PBXGroup section */

/* Begin PBXNativeTarget section */
		05C7C1EA1E617BFB007E0551 /* KeyBoard */ = {
			isa = PBXNativeTarget;
			buildConfigurationList = 05C7C2181E617BFB007E0551 /* Build configuration list for PBXNativeTarget "KeyBoard" */;
			buildPhases = (
				05C7C1E71E617BFB007E0551 /* Sources */,
				05C7C1E81E617BFB007E0551 /* Frameworks */,
				05C7C1E91E617BFB007E0551 /* Resources */,
			);
			buildRules = (
			);
			dependencies = (
			);
			name = KeyBoard;
			productName = KeyBoard;
			productReference = 05C7C1EB1E617BFB007E0551 /* KeyBoard.app */;
			productType = "com.apple.product-type.application";
		};
		05C7C2031E617BFB007E0551 /* KeyBoardTests */ = {
			isa = PBXNativeTarget;
			buildConfigurationList = 05C7C21B1E617BFB007E0551 /* Build configuration list for PBXNativeTarget "KeyBoardTests" */;
			buildPhases = (
				05C7C2001E617BFB007E0551 /* Sources */,
				05C7C2011E617BFB007E0551 /* Frameworks */,
				05C7C2021E617BFB007E0551 /* Resources */,
			);
			buildRules = (
			);
			dependencies = (
				05C7C2061E617BFB007E0551 /* PBXTargetDependency */,
			);
			name = KeyBoardTests;
			productName = KeyBoardTests;
			productReference = 05C7C2041E617BFB007E0551 /* KeyBoardTests.xctest */;
			productType = "com.apple.product-type.bundle.unit-test";
		};
		05C7C20E1E617BFB007E0551 /* KeyBoardUITests */ = {
			isa = PBXNativeTarget;
			buildConfigurationList = 05C7C21E1E617BFB007E0551 /* Build configuration list for PBXNativeTarget "KeyBoardUITests" */;
			buildPhases = (
				05C7C20B1E617BFB007E0551 /* Sources */,
				05C7C20C1E617BFB007E0551 /* Frameworks */,
				05C7C20D1E617BFB007E0551 /* Resources */,
			);
			buildRules = (
			);
			dependencies = (
				05C7C2111E617BFB007E0551 /* PBXTargetDependency */,
			);
			name = KeyBoardUITests;
			productName = KeyBoardUITests;
			productReference = 05C7C20F1E617BFB007E0551 /* KeyBoardUITests.xctest */;
			productType = "com.apple.product-type.bundle.ui-testing";
		};
/* End PBXNativeTarget section */

/* Begin PBXProject section */
		05C7C1E31E617BFB007E0551 /* Project object */ = {
			isa = PBXProject;
			attributes = {
				LastUpgradeCheck = 0820;
				ORGANIZATIONNAME = "张佳强";
				TargetAttributes = {
					05C7C1EA1E617BFB007E0551 = {
						CreatedOnToolsVersion = 8.2.1;
						ProvisioningStyle = Automatic;
					};
					05C7C2031E617BFB007E0551 = {
						CreatedOnToolsVersion = 8.2.1;
						ProvisioningStyle = Automatic;
						TestTargetID = 05C7C1EA1E617BFB007E0551;
					};
					05C7C20E1E617BFB007E0551 = {
						CreatedOnToolsVersion = 8.2.1;
						ProvisioningStyle = Automatic;
						TestTargetID = 05C7C1EA1E617BFB007E0551;
					};
				};
			};
			buildConfigurationList = 05C7C1E61E617BFB007E0551 /* Build configuration list for PBXProject "KeyBoard" */;
			compatibilityVersion = "Xcode 3.2";
			developmentRegion = English;
			hasScannedForEncodings = 0;
			knownRegions = (
				en,
				Base,
			);
			mainGroup = 05C7C1E21E617BFB007E0551;
			productRefGroup = 05C7C1EC1E617BFB007E0551 /* Products */;
			projectDirPath = "";
			projectRoot = "";
			targets = (
				05C7C1EA1E617BFB007E0551 /* KeyBoard */,
				05C7C2031E617BFB007E0551 /* KeyBoardTests */,
				05C7C20E1E617BFB007E0551 /* KeyBoardUITests */,
			);
		};
/* End PBXProject section */

/* Begin PBXResourcesBuildPhase section */
		05C7C1E91E617BFB007E0551 /* Resources */ = {
			isa = PBXResourcesBuildPhase;
			buildActionMask = 2147483647;
			files = (
				05C7C1FE1E617BFB007E0551 /* LaunchScreen.storyboard in Resources */,
				05C7C1FB1E617BFB007E0551 /* Assets.xcassets in Resources */,
				05C7C1F91E617BFB007E0551 /* Main.storyboard in Resources */,
			);
			runOnlyForDeploymentPostprocessing = 0;
		};
		05C7C2021E617BFB007E0551 /* Resources */ = {
			isa = PBXResourcesBuildPhase;
			buildActionMask = 2147483647;
			files = (
			);
			runOnlyForDeploymentPostprocessing = 0;
		};
		05C7C20D1E617BFB007E0551 /* Resources */ = {
			isa = PBXResourcesBuildPhase;
			buildActionMask = 2147483647;
			files = (
			);
			runOnlyForDeploymentPostprocessing = 0;
		};
/* End PBXResourcesBuildPhase section */

/* Begin PBXSourcesBuildPhase section */
		05C7C1E71E617BFB007E0551 /* Sources */ = {
			isa = PBXSourcesBuildPhase;
			buildActionMask = 2147483647;
			files = (
				05C7C1F61E617BFB007E0551 /* ViewController.m in Sources */,
				05C7C1F31E617BFB007E0551 /* AppDelegate.m in Sources */,
				05C7C1F01E617BFB007E0551 /* main.m in Sources */,
			);
			runOnlyForDeploymentPostprocessing = 0;
		};
		05C7C2001E617BFB007E0551 /* Sources */ = {
			isa = PBXSourcesBuildPhase;
			buildActionMask = 2147483647;
			files = (
				05C7C2091E617BFB007E0551 /* KeyBoardTests.m in Sources */,
			);
			runOnlyForDeploymentPostprocessing = 0;
		};
		05C7C20B1E617BFB007E0551 /* Sources */ = {
			isa = PBXSourcesBuildPhase;
			buildActionMask = 2147483647;
			files = (
				05C7C2141E617BFB007E0551 /* KeyBoardUITests.m in Sources */,
			);
			runOnlyForDeploymentPostprocessing = 0;
		};
/* End PBXSourcesBuildPhase section */

/* Begin PBXTargetDependency section */
		05C7C2061E617BFB007E0551 /* PBXTargetDependency */ = {
			isa = PBXTargetDependency;
			target = 05C7C1EA1E617BFB007E0551 /* KeyBoard */;
			targetProxy = 05C7C2051E617BFB007E0551 /* PBXContainerItemProxy */;
		};
		05C7C2111E617BFB007E0551 /* PBXTargetDependency */ = {
			isa = PBXTargetDependency;
			target = 05C7C1EA1E617BFB007E0551 /* KeyBoard */;
			targetProxy = 05C7C2101E617BFB007E0551 /* PBXContainerItemProxy */;
		};
/* End PBXTargetDependency section */

/* Begin PBXVariantGroup section */
		05C7C1F71E617BFB007E0551 /* Main.storyboard */ = {
			isa = PBXVariantGroup;
			children = (
				05C7C1F81E617BFB007E0551 /* Base */,
			);
			name = Main.storyboard;
			sourceTree = "<group>";
		};
		05C7C1FC1E617BFB007E0551 /* LaunchScreen.storyboard */ = {
			isa = PBXVariantGroup;
			children = (
				05C7C1FD1E617BFB007E0551 /* Base */,
			);
			name = LaunchScreen.storyboard;
			sourceTree = "<group>";
		};
/* End PBXVariantGroup section */

/* Begin XCBuildConfiguration section */
		05C7C2161E617BFB007E0551 /* Debug */ = {
			isa = XCBuildConfiguration;
			buildSettings = {
				ALWAYS_SEARCH_USER_PATHS = NO;
				CLANG_ANALYZER_NONNULL = YES;
				CLANG_CXX_LANGUAGE_STANDARD = "gnu++0x";
				CLANG_CXX_LIBRARY = "libc++";
				CLANG_ENABLE_MODULES = YES;
				CLANG_ENABLE_OBJC_ARC = YES;
				CLANG_WARN_BOOL_CONVERSION = YES;
				CLANG_WARN_CONSTANT_CONVERSION = YES;
				CLANG_WARN_DIRECT_OBJC_ISA_USAGE = YES_ERROR;
				CLANG_WARN_DOCUMENTATION_COMMENTS = YES;
				CLANG_WARN_EMPTY_BODY = YES;
				CLANG_WARN_ENUM_CONVERSION = YES;
				CLANG_WARN_INFINITE_RECURSION = YES;
				CLANG_WARN_INT_CONVERSION = YES;
				CLANG_WARN_OBJC_ROOT_CLASS = YES_ERROR;
				CLANG_WARN_SUSPICIOUS_MOVE = YES;
				CLANG_WARN_UNREACHABLE_CODE = YES;
				CLANG_WARN__DUPLICATE_METHOD_MATCH = YES;
				"CODE_SIGN_IDENTITY[sdk=iphoneos*]" = "iPhone Developer";
				COPY_PHASE_STRIP = NO;
				DEBUG_INFORMATION_FORMAT = dwarf;
				ENABLE_STRICT_OBJC_MSGSEND = YES;
				ENABLE_TESTABILITY = YES;
				GCC_C_LANGUAGE_STANDARD = gnu99;
				GCC_DYNAMIC_NO_PIC = NO;
				GCC_NO_COMMON_BLOCKS = YES;
				GCC_OPTIMIZATION_LEVEL = 0;
				GCC_PREPROCESSOR_DEFINITIONS = (
					"DEBUG=1",
					"$(inherited)",
				);
				GCC_WARN_64_TO_32_BIT_CONVERSION = YES;
				GCC_WARN_ABOUT_RETURN_TYPE = YES_ERROR;
				GCC_WARN_UNDECLARED_SELECTOR = YES;
				GCC_WARN_UNINITIALIZED_AUTOS = YES_AGGRESSIVE;
				GCC_WARN_UNUSED_FUNCTION = YES;
				GCC_WARN_UNUSED_VARIABLE = YES;
				IPHONEOS_DEPLOYMENT_TARGET = 10.2;
				MTL_ENABLE_DEBUG_INFO = YES;
				ONLY_ACTIVE_ARCH = YES;
				SDKROOT = iphoneos;
				TARGETED_DEVICE_FAMILY = "1,2";
			};
			name = Debug;
		};
		05C7C2171E617BFB007E0551 /* Release */ = {
			isa = XCBuildConfiguration;
			buildSettings = {
				ALWAYS_SEARCH_USER_PATHS = NO;
				CLANG_ANALYZER_NONNULL = YES;
				CLANG_CXX_LANGUAGE_STANDARD = "gnu++0x";
				CLANG_CXX_LIBRARY = "libc++";
				CLANG_ENABLE_MODULES = YES;
				CLANG_ENABLE_OBJC_ARC = YES;
				CLANG_WARN_BOOL_CONVERSION = YES;
				CLANG_WARN_CONSTANT_CONVERSION = YES;
				CLANG_WARN_DIRECT_OBJC_ISA_USAGE = YES_ERROR;
				CLANG_WARN_DOCUMENTATION_COMMENTS = YES;
				CLANG_WARN_EMPTY_BODY = YES;
				CLANG_WARN_ENUM_CONVERSION = YES;
				CLANG_WARN_INFINITE_RECURSION = YES;
				CLANG_WARN_INT_CONVERSION = YES;
				CLANG_WARN_OBJC_ROOT_CLASS = YES_ERROR;
				CLANG_WARN_SUSPICIOUS_MOVE = YES;
				CLANG_WARN_UNREACHABLE_CODE = YES;
				CLANG_WARN__DUPLICATE_METHOD_MATCH = YES;
				"CODE_SIGN_IDENTITY[sdk=iphoneos*]" = "iPhone Developer";
				COPY_PHASE_STRIP = NO;
				DEBUG_INFORMATION_FORMAT = "dwarf-with-dsym";
				ENABLE_NS_ASSERTIONS = NO;
				ENABLE_STRICT_OBJC_MSGSEND = YES;
				GCC_C_LANGUAGE_STANDARD = gnu99;
				GCC_NO_COMMON_BLOCKS = YES;
				GCC_WARN_64_TO_32_BIT_CONVERSION = YES;
				GCC_WARN_ABOUT_RETURN_TYPE = YES_ERROR;
				GCC_WARN_UNDECLARED_SELECTOR = YES;
				GCC_WARN_UNINITIALIZED_AUTOS = YES_AGGRESSIVE;
				GCC_WARN_UNUSED_FUNCTION = YES;
				GCC_WARN_UNUSED_VARIABLE = YES;
				IPHONEOS_DEPLOYMENT_TARGET = 10.2;
				MTL_ENABLE_DEBUG_INFO = NO;
				SDKROOT = iphoneos;
				TARGETED_DEVICE_FAMILY = "1,2";
				VALIDATE_PRODUCT = YES;
			};
			name = Release;
		};
		05C7C2191E617BFB007E0551 /* Debug */ = {
			isa = XCBuildConfiguration;
			buildSettings = {
				ASSETCATALOG_COMPILER_APPICON_NAME = AppIcon;
				INFOPLIST_FILE = KeyBoard/Info.plist;
				LD_RUNPATH_SEARCH_PATHS = "$(inherited) @executable_path/Frameworks";
				PRODUCT_BUNDLE_IDENTIFIER = "----.KeyBoard";
				PRODUCT_NAME = "$(TARGET_NAME)";
			};
			name = Debug;
		};
		05C7C21A1E617BFB007E0551 /* Release */ = {
			isa = XCBuildConfiguration;
			buildSettings = {
				ASSETCATALOG_COMPILER_APPICON_NAME = AppIcon;
				INFOPLIST_FILE = KeyBoard/Info.plist;
				LD_RUNPATH_SEARCH_PATHS = "$(inherited) @executable_path/Frameworks";
				PRODUCT_BUNDLE_IDENTIFIER = "----.KeyBoard";
				PRODUCT_NAME = "$(TARGET_NAME)";
			};
			name = Release;
		};
		05C7C21C1E617BFB007E0551 /* Debug */ = {
			isa = XCBuildConfiguration;
			buildSettings = {
				BUNDLE_LOADER = "$(TEST_HOST)";
				INFOPLIST_FILE = KeyBoardTests/Info.plist;
				LD_RUNPATH_SEARCH_PATHS = "$(inherited) @executable_path/Frameworks @loader_path/Frameworks";
				PRODUCT_BUNDLE_IDENTIFIER = "----.KeyBoardTests";
				PRODUCT_NAME = "$(TARGET_NAME)";
				TEST_HOST = "$(BUILT_PRODUCTS_DIR)/KeyBoard.app/KeyBoard";
			};
			name = Debug;
		};
		05C7C21D1E617BFB007E0551 /* Release */ = {
			isa = XCBuildConfiguration;
			buildSettings = {
				BUNDLE_LOADER = "$(TEST_HOST)";
				INFOPLIST_FILE = KeyBoardTests/Info.plist;
				LD_RUNPATH_SEARCH_PATHS = "$(inherited) @executable_path/Frameworks @loader_path/Frameworks";
				PRODUCT_BUNDLE_IDENTIFIER = "----.KeyBoardTests";
				PRODUCT_NAME = "$(TARGET_NAME)";
				TEST_HOST = "$(BUILT_PRODUCTS_DIR)/KeyBoard.app/KeyBoard";
			};
			name = Release;
		};
		05C7C21F1E617BFB007E0551 /* Debug */ = {
			isa = XCBuildConfiguration;
			buildSettings = {
				INFOPLIST_FILE = KeyBoardUITests/Info.plist;
				LD_RUNPATH_SEARCH_PATHS = "$(inherited) @executable_path/Frameworks @loader_path/Frameworks";
				PRODUCT_BUNDLE_IDENTIFIER = "----.KeyBoardUITests";
				PRODUCT_NAME = "$(TARGET_NAME)";
				TEST_TARGET_NAME = KeyBoard;
			};
			name = Debug;
		};
		05C7C2201E617BFB007E0551 /* Release */ = {
			isa = XCBuildConfiguration;
			buildSettings = {
				INFOPLIST_FILE = KeyBoardUITests/Info.plist;
				LD_RUNPATH_SEARCH_PATHS = "$(inherited) @executable_path/Frameworks @loader_path/Frameworks";
				PRODUCT_BUNDLE_IDENTIFIER = "----.KeyBoardUITests";
				PRODUCT_NAME = "$(TARGET_NAME)";
				TEST_TARGET_NAME = KeyBoard;
			};
			name = Release;
		};
/* End XCBuildConfiguration section */

/* Begin XCConfigurationList section */
		05C7C1E61E617BFB007E0551 /* Build configuration list for PBXProject "KeyBoard" */ = {
			isa = XCConfigurationList;
			buildConfigurations = (
				05C7C2161E617BFB007E0551 /* Debug */,
				05C7C2171E617BFB007E0551 /* Release */,
			);
			defaultConfigurationIsVisible = 0;
			defaultConfigurationName = Release;
		};
		05C7C2181E617BFB007E0551 /* Build configuration list for PBXNativeTarget "KeyBoard" */ = {
			isa = XCConfigurationList;
			buildConfigurations = (
				05C7C2191E617BFB007E0551 /* Debug */,
				05C7C21A1E617BFB007E0551 /* Release */,
			);
			defaultConfigurationIsVisible = 0;
		};
		05C7C21B1E617BFB007E0551 /* Build configuration list for PBXNativeTarget "KeyBoardTests" */ = {
			isa = XCConfigurationList;
			buildConfigurations = (
				05C7C21C1E617BFB007E0551 /* Debug */,
				05C7C21D1E617BFB007E0551 /* Release */,
			);
			defaultConfigurationIsVisible = 0;
		};
		05C7C21E1E617BFB007E0551 /* Build configuration list for PBXNativeTarget "KeyBoardUITests" */ = {
			isa = XCConfigurationList;
			buildConfigurations = (
				05C7C21F1E617BFB007E0551 /* Debug */,
				05C7C2201E617BFB007E0551 /* Release */,
			);
			defaultConfigurationIsVisible = 0;
		};
/* End XCConfigurationList section */
	};
	rootObject = 05C7C1E31E617BFB007E0551 /* Project object */;
}
